
Microsoft Visual Studio Solution File, Format Version 12.00
# Visual Studio Version 16
VisualStudioVersion = 16.0.33927.289
MinimumVisualStudioVersion = 10.0.40219.1
Project("{2150E333-8FDC-42A3-9474-1A3956D46DE8}") = "Task0", "Task0", "{46214BB9-1E4D-464D-9257-5C70818A60D4}"
EndProject
Project("{FAE04EC0-301F-11D3-BF4B-00C04F79EFBC}") = "Tyuiu.BakhtiyarovDR.Sprint0.Task0.V0", "Tyuiu.BakhtiyarovDR.Sprint0.Task0.V0\Tyuiu.BakhtiyarovDR.Sprint0.Task0.V0.csproj", "{3DF9EA44-C82C-4E4B-97AA-13AFBE1AFD07}"
EndProject
Project("{2150E333-8FDC-42A3-9474-1A3956D46DE8}") = "Task1", "Task1", "{564B60D0-4A18-4D89-8DFE-70670AEF01C3}"
EndProject
Project("{FAE04EC0-301F-11D3-BF4B-00C04F79EFBC}") = "Tyuiu.BakhtiyarovDR.Sprint.Task1.V0", "Tyuiu.BakhtiyarovDR.Sprint.Task1.V0\Tyuiu.BakhtiyarovDR.Sprint.Task1.V0.csproj", "{299446BE-E008-4AE5-8B38-FA648FD65A7C}"
EndProject
Project("{2150E333-8FDC-42A3-9474-1A3956D46DE8}") = "Task2", "Task2", "{CD36BFFE-9D3A-44F6-B957-087A9AC9FB76}"
EndProject
Project("{FAE04EC0-301F-11D3-BF4B-00C04F79EFBC}") = "Tyuiu.BakhtiyarovDR.Sprint0.Task2.V0", "Tyuiu.BakhtiyarovDR.Sprint0.Task2.V0\Tyuiu.BakhtiyarovDR.Sprint0.Task2.V0.csproj", "{8609FF5B-E629-4994-892B-29E7EB19A4B2}"
EndProject
Project("{FAE04EC0-301F-11D3-BF4B-00C04F79EFBC}") = "Tyuiu.BakhtiyarovDR.Sprint0.Task2.V0.Lib", "Tyuiu.BakhtiyarovDR.Sprint0.Task2.V0.Lib\Tyuiu.BakhtiyarovDR.Sprint0.Task2.V0.Lib.csproj", "{3D45C0BB-4090-47F6-8F8B-95DC7E44A9A9}"
EndProject
Project("{FAE04EC0-301F-11D3-BF4B-00C04F79EFBC}") = "Tyuiu.BakhtiyarovDR.Sprint0.Task2.V0.Test", "Tyuiu.BakhtiyarovDR.Sprint0.Task2.V0.Test\Tyuiu.BakhtiyarovDR.Sprint0.Task2.V0.Test.csproj", "{6077C05E-E914-4EBD-B925-E1BFF94C9787}"
EndProject
Project("{2150E333-8FDC-42A3-9474-1A3956D46DE8}") = "Task3", "Task3", "{55C860BB-32B9-491F-970F-944EF548E14F}"
EndProject
Project("{FAE04EC0-301F-11D3-BF4B-00C04F79EFBC}") = "Tyuiu.BakhtiyarovDR.Sprint0.Task3.V0", "Tyuiu.BakhtiyarovDR.Sprint0.Task3.V0\Tyuiu.BakhtiyarovDR.Sprint0.Task3.V0.csproj", "{DE90D998-98A2-4B3A-A385-B65D6A23F6D0}"
EndProject
Project("{FAE04EC0-301F-11D3-BF4B-00C04F79EFBC}") = "Tyuiu.BakhtiyarovDR.Sprint0.Task3.V0.Lib", "Tyuiu.BakhtiyarovDR.Sprint0.Task3.V0.Lib\Tyuiu.BakhtiyarovDR.Sprint0.Task3.V0.Lib.csproj", "{2B879BFF-8293-4759-9EAA-7B0122D4F81B}"
EndProject
Project("{FAE04EC0-301F-11D3-BF4B-00C04F79EFBC}") = "Tyuiu.BakhtiyarovDR.Sprint0.Task3.V0.Test", "Tyuiu.BakhtiyarovDR.Sprint0.Task3.V0.Test\Tyuiu.BakhtiyarovDR.Sprint0.Task3.V0.Test.csproj", "{0BB8395C-5F91-4653-9DE0-7A38BDB0BD9C}"
EndProject
Project("{2150E333-8FDC-42A3-9474-1A3956D46DE8}") = "Task4", "Task4", "{0AC627CC-A8BB-4991-A6D4-3609FD32494E}"
EndProject
Project("{FAE04EC0-301F-11D3-BF4B-00C04F79EFBC}") = "Tyuiu.BakhtiyarovDR.Sprint0.Task4.V0", "Tyuiu.BakhtiyarovDR.Sprint0.Task4.V0\Tyuiu.BakhtiyarovDR.Sprint0.Task4.V0.csproj", "{F80EAF00-9D05-4DEF-A956-89CA0E8EB599}"
EndProject
Project("{FAE04EC0-301F-11D3-BF4B-00C04F79EFBC}") = "Tyuiu.BakhtiyarovDR.Sprint0.Task4.V0.Lib", "Tyuiu.BakhtiyarovDR.Sprint0.Task4.V0.Lib\Tyuiu.BakhtiyarovDR.Sprint0.Task4.V0.Lib.csproj", "{DEE74F63-0E9E-4108-8E18-156EC122ABC0}"
EndProject
Project("{FAE04EC0-301F-11D3-BF4B-00C04F79EFBC}") = "Tyuiu.BakhtiyarovDR.Sprint0.Task4.V0.Test", "Tyuiu.BakhtiyarovDR.Sprint0.Task4.V0.Test\Tyuiu.BakhtiyarovDR.Sprint0.Task4.V0.Test.csproj", "{3A5A3EF5-1383-4AF1-98A9-246085530C5E}"
EndProject
Project("{2150E333-8FDC-42A3-9474-1A3956D46DE8}") = "Task5", "Task5", "{6A5AC36A-95EE-42E1-B603-E874BCB40E79}"
EndProject
Project("{FAE04EC0-301F-11D3-BF4B-00C04F79EFBC}") = "Tyuiu.BakhtiyarovDR.Sprint0.Task5.V0", "Tyuiu.BakhtiyarovDR.Sprint0.Task5.V0\Tyuiu.BakhtiyarovDR.Sprint0.Task5.V0.csproj", "{2C62A089-F689-41E7-891D-9D4CCED8E0CB}"
EndProject
Project("{FAE04EC0-301F-11D3-BF4B-00C04F79EFBC}") = "Tyuiu.BakhtiyarovDR.Sprint0.Task5.V0.Lib", "Tyuiu.BakhtiyarovDR.Sprint0.Task5.V0.Lib\Tyuiu.BakhtiyarovDR.Sprint0.Task5.V0.Lib.csproj", "{1D3D5DBD-B5FA-4489-9006-D39A5774F88D}"
EndProject
Project("{FAE04EC0-301F-11D3-BF4B-00C04F79EFBC}") = "Tyuiu.BakhtiyarovDR.Sprint0.Task5.V0.Test", "Tyuiu.BakhtiyarovDR.Sprint0.Task5.V0.Test\Tyuiu.BakhtiyarovDR.Sprint0.Task5.V0.Test.csproj", "{53E20D46-8DEC-435A-9C83-67D1EC79F730}"
EndProject
Project("{2150E333-8FDC-42A3-9474-1A3956D46DE8}") = "Task6", "Task6", "{93BA51AC-2B14-42DD-B8A4-4007851B2819}"
EndProject
Project("{FAE04EC0-301F-11D3-BF4B-00C04F79EFBC}") = "Tyuiu.BakhtiyarovDR.Sprint0.Task6.V0", "Tyuiu.BakhtiyarovDR.Sprint0.Task6.V0\Tyuiu.BakhtiyarovDR.Sprint0.Task6.V0.csproj", "{6901907B-7FA6-489A-A514-2384EDF613B6}"
EndProject
Project("{FAE04EC0-301F-11D3-BF4B-00C04F79EFBC}") = "Tyuiu.BakhtiyarovDR.Sprint0.Task6.V0.Lib", "Tyuiu.BakhtiyarovDR.Sprint0.Task6.V0.Lib\Tyuiu.BakhtiyarovDR.Sprint0.Task6.V0.Lib.csproj", "{82AF6789-3F56-4B39-874A-EBF027A4FFF4}"
EndProject
Project("{FAE04EC0-301F-11D3-BF4B-00C04F79EFBC}") = "Tyuiu.BakhtiyarovDR.Sprint0.Task6.V0.Test", "Tyuiu.BakhtiyarovDR.Sprint0.Task6.V0.Test\Tyuiu.BakhtiyarovDR.Sprint0.Task6.V0.Test.csproj", "{2E5CE138-56A2-4ABD-8611-CCBF4C647D5D}"
EndProject
Global
	GlobalSection(SolutionConfigurationPlatforms) = preSolution
		Debug|Any CPU = Debug|Any CPU
		Release|Any CPU = Release|Any CPU
	EndGlobalSection
	GlobalSection(ProjectConfigurationPlatforms) = postSolution
		{3DF9EA44-C82C-4E4B-97AA-13AFBE1AFD07}.Debug|Any CPU.ActiveCfg = Debug|Any CPU
		{3DF9EA44-C82C-4E4B-97AA-13AFBE1AFD07}.Debug|Any CPU.Build.0 = Debug|Any CPU
		{3DF9EA44-C82C-4E4B-97AA-13AFBE1AFD07}.Release|Any CPU.ActiveCfg = Release|Any CPU
		{3DF9EA44-C82C-4E4B-97AA-13AFBE1AFD07}.Release|Any CPU.Build.0 = Release|Any CPU
		{299446BE-E008-4AE5-8B38-FA648FD65A7C}.Debug|Any CPU.ActiveCfg = Debug|Any CPU
		{299446BE-E008-4AE5-8B38-FA648FD65A7C}.Debug|Any CPU.Build.0 = Debug|Any CPU
		{299446BE-E008-4AE5-8B38-FA648FD65A7C}.Release|Any CPU.ActiveCfg = Release|Any CPU
		{299446BE-E008-4AE5-8B38-FA648FD65A7C}.Release|Any CPU.Build.0 = Release|Any CPU
		{8609FF5B-E629-4994-892B-29E7EB19A4B2}.Debug|Any CPU.ActiveCfg = Debug|Any CPU
		{8609FF5B-E629-4994-892B-29E7EB19A4B2}.Debug|Any CPU.Build.0 = Debug|Any CPU
		{8609FF5B-E629-4994-892B-29E7EB19A4B2}.Release|Any CPU.ActiveCfg = Release|Any CPU
		{8609FF5B-E629-4994-892B-29E7EB19A4B2}.Release|Any CPU.Build.0 = Release|Any CPU
		{3D45C0BB-4090-47F6-8F8B-95DC7E44A9A9}.Debug|Any CPU.ActiveCfg = Debug|Any CPU
		{3D45C0BB-4090-47F6-8F8B-95DC7E44A9A9}.Debug|Any CPU.Build.0 = Debug|Any CPU
		{3D45C0BB-4090-47F6-8F8B-95DC7E44A9A9}.Release|Any CPU.ActiveCfg = Release|Any CPU
		{3D45C0BB-4090-47F6-8F8B-95DC7E44A9A9}.Release|Any CPU.Build.0 = Release|Any CPU
		{6077C05E-E914-4EBD-B925-E1BFF94C9787}.Debug|Any CPU.ActiveCfg = Debug|Any CPU
		{6077C05E-E914-4EBD-B925-E1BFF94C9787}.Debug|Any CPU.Build.0 = Debug|Any CPU
		{6077C05E-E914-4EBD-B925-E1BFF94C9787}.Release|Any CPU.ActiveCfg = Release|Any CPU
		{6077C05E-E914-4EBD-B925-E1BFF94C9787}.Release|Any CPU.Build.0 = Release|Any CPU
		{DE90D998-98A2-4B3A-A385-B65D6A23F6D0}.Debug|Any CPU.ActiveCfg = Debug|Any CPU
		{DE90D998-98A2-4B3A-A385-B65D6A23F6D0}.Debug|Any CPU.Build.0 = Debug|Any CPU
		{DE90D998-98A2-4B3A-A385-B65D6A23F6D0}.Release|Any CPU.ActiveCfg = Release|Any CPU
		{DE90D998-98A2-4B3A-A385-B65D6A23F6D0}.Release|Any CPU.Build.0 = Release|Any CPU
		{2B879BFF-8293-4759-9EAA-7B0122D4F81B}.Debug|Any CPU.ActiveCfg = Debug|Any CPU
		{2B879BFF-8293-4759-9EAA-7B0122D4F81B}.Debug|Any CPU.Build.0 = Debug|Any CPU
		{2B879BFF-8293-4759-9EAA-7B0122D4F81B}.Release|Any CPU.ActiveCfg = Release|Any CPU
		{2B879BFF-8293-4759-9EAA-7B0122D4F81B}.Release|Any CPU.Build.0 = Release|Any CPU
		{0BB8395C-5F91-4653-9DE0-7A38BDB0BD9C}.Debug|Any CPU.ActiveCfg = Debug|Any CPU
		{0BB8395C-5F91-4653-9DE0-7A38BDB0BD9C}.Debug|Any CPU.Build.0 = Debug|Any CPU
		{0BB8395C-5F91-4653-9DE0-7A38BDB0BD9C}.Release|Any CPU.ActiveCfg = Release|Any CPU
		{0BB8395C-5F91-4653-9DE0-7A38BDB0BD9C}.Release|Any CPU.Build.0 = Release|Any CPU
		{F80EAF00-9D05-4DEF-A956-89CA0E8EB599}.Debug|Any CPU.ActiveCfg = Debug|Any CPU
		{F80EAF00-9D05-4DEF-A956-89CA0E8EB599}.Debug|Any CPU.Build.0 = Debug|Any CPU
		{F80EAF00-9D05-4DEF-A956-89CA0E8EB599}.Release|Any CPU.ActiveCfg = Release|Any CPU
		{F80EAF00-9D05-4DEF-A956-89CA0E8EB599}.Release|Any CPU.Build.0 = Release|Any CPU
		{DEE74F63-0E9E-4108-8E18-156EC122ABC0}.Debug|Any CPU.ActiveCfg = Debug|Any CPU
		{DEE74F63-0E9E-4108-8E18-156EC122ABC0}.Debug|Any CPU.Build.0 = Debug|Any CPU
		{DEE74F63-0E9E-4108-8E18-156EC122ABC0}.Release|Any CPU.ActiveCfg = Release|Any CPU
		{DEE74F63-0E9E-4108-8E18-156EC122ABC0}.Release|Any CPU.Build.0 = Release|Any CPU
		{3A5A3EF5-1383-4AF1-98A9-246085530C5E}.Debug|Any CPU.ActiveCfg = Debug|Any CPU
		{3A5A3EF5-1383-4AF1-98A9-246085530C5E}.Debug|Any CPU.Build.0 = Debug|Any CPU
		{3A5A3EF5-1383-4AF1-98A9-246085530C5E}.Release|Any CPU.ActiveCfg = Release|Any CPU
		{3A5A3EF5-1383-4AF1-98A9-246085530C5E}.Release|Any CPU.Build.0 = Release|Any CPU
		{2C62A089-F689-41E7-891D-9D4CCED8E0CB}.Debug|Any CPU.ActiveCfg = Debug|Any CPU
		{2C62A089-F689-41E7-891D-9D4CCED8E0CB}.Debug|Any CPU.Build.0 = Debug|Any CPU
		{2C62A089-F689-41E7-891D-9D4CCED8E0CB}.Release|Any CPU.ActiveCfg = Release|Any CPU
		{2C62A089-F689-41E7-891D-9D4CCED8E0CB}.Release|Any CPU.Build.0 = Release|Any CPU
		{1D3D5DBD-B5FA-4489-9006-D39A5774F88D}.Debug|Any CPU.ActiveCfg = Debug|Any CPU
		{1D3D5DBD-B5FA-4489-9006-D39A5774F88D}.Debug|Any CPU.Build.0 = Debug|Any CPU
		{1D3D5DBD-B5FA-4489-9006-D39A5774F88D}.Release|Any CPU.ActiveCfg = Release|Any CPU
		{1D3D5DBD-B5FA-4489-9006-D39A5774F88D}.Release|Any CPU.Build.0 = Release|Any CPU
		{53E20D46-8DEC-435A-9C83-67D1EC79F730}.Debug|Any CPU.ActiveCfg = Debug|Any CPU
		{53E20D46-8DEC-435A-9C83-67D1EC79F730}.Debug|Any CPU.Build.0 = Debug|Any CPU
		{53E20D46-8DEC-435A-9C83-67D1EC79F730}.Release|Any CPU.ActiveCfg = Release|Any CPU
		{53E20D46-8DEC-435A-9C83-67D1EC79F730}.Release|Any CPU.Build.0 = Release|Any CPU
		{6901907B-7FA6-489A-A514-2384EDF613B6}.Debug|Any CPU.ActiveCfg = Debug|Any CPU
		{6901907B-7FA6-489A-A514-2384EDF613B6}.Debug|Any CPU.Build.0 = Debug|Any CPU
		{6901907B-7FA6-489A-A514-2384EDF613B6}.Release|Any CPU.ActiveCfg = Release|Any CPU
		{6901907B-7FA6-489A-A514-2384EDF613B6}.Release|Any CPU.Build.0 = Release|Any CPU
		{82AF6789-3F56-4B39-874A-EBF027A4FFF4}.Debug|Any CPU.ActiveCfg = Debug|Any CPU
		{82AF6789-3F56-4B39-874A-EBF027A4FFF4}.Debug|Any CPU.Build.0 = Debug|Any CPU
		{82AF6789-3F56-4B39-874A-EBF027A4FFF4}.Release|Any CPU.ActiveCfg = Release|Any CPU
		{82AF6789-3F56-4B39-874A-EBF027A4FFF4}.Release|Any CPU.Build.0 = Release|Any CPU
		{2E5CE138-56A2-4ABD-8611-CCBF4C647D5D}.Debug|Any CPU.ActiveCfg = Debug|Any CPU
		{2E5CE138-56A2-4ABD-8611-CCBF4C647D5D}.Debug|Any CPU.Build.0 = Debug|Any CPU
		{2E5CE138-56A2-4ABD-8611-CCBF4C647D5D}.Release|Any CPU.ActiveCfg = Release|Any CPU
		{2E5CE138-56A2-4ABD-8611-CCBF4C647D5D}.Release|Any CPU.Build.0 = Release|Any CPU
	EndGlobalSection
	GlobalSection(SolutionProperties) = preSolution
		HideSolutionNode = FALSE
	EndGlobalSection
	GlobalSection(NestedProjects) = preSolution
		{3DF9EA44-C82C-4E4B-97AA-13AFBE1AFD07} = {46214BB9-1E4D-464D-9257-5C70818A60D4}
		{564B60D0-4A18-4D89-8DFE-70670AEF01C3} = {46214BB9-1E4D-464D-9257-5C70818A60D4}
		{299446BE-E008-4AE5-8B38-FA648FD65A7C} = {564B60D0-4A18-4D89-8DFE-70670AEF01C3}
		{8609FF5B-E629-4994-892B-29E7EB19A4B2} = {CD36BFFE-9D3A-44F6-B957-087A9AC9FB76}
		{3D45C0BB-4090-47F6-8F8B-95DC7E44A9A9} = {CD36BFFE-9D3A-44F6-B957-087A9AC9FB76}
		{6077C05E-E914-4EBD-B925-E1BFF94C9787} = {CD36BFFE-9D3A-44F6-B957-087A9AC9FB76}
		{DE90D998-98A2-4B3A-A385-B65D6A23F6D0} = {55C860BB-32B9-491F-970F-944EF548E14F}
		{2B879BFF-8293-4759-9EAA-7B0122D4F81B} = {55C860BB-32B9-491F-970F-944EF548E14F}
		{0BB8395C-5F91-4653-9DE0-7A38BDB0BD9C} = {55C860BB-32B9-491F-970F-944EF548E14F}
		{F80EAF00-9D05-4DEF-A956-89CA0E8EB599} = {0AC627CC-A8BB-4991-A6D4-3609FD32494E}
		{DEE74F63-0E9E-4108-8E18-156EC122ABC0} = {0AC627CC-A8BB-4991-A6D4-3609FD32494E}
		{3A5A3EF5-1383-4AF1-98A9-246085530C5E} = {0AC627CC-A8BB-4991-A6D4-3609FD32494E}
		{2C62A089-F689-41E7-891D-9D4CCED8E0CB} = {6A5AC36A-95EE-42E1-B603-E874BCB40E79}
		{1D3D5DBD-B5FA-4489-9006-D39A5774F88D} = {6A5AC36A-95EE-42E1-B603-E874BCB40E79}
		{53E20D46-8DEC-435A-9C83-67D1EC79F730} = {6A5AC36A-95EE-42E1-B603-E874BCB40E79}
		{6901907B-7FA6-489A-A514-2384EDF613B6} = {93BA51AC-2B14-42DD-B8A4-4007851B2819}
		{82AF6789-3F56-4B39-874A-EBF027A4FFF4} = {93BA51AC-2B14-42DD-B8A4-4007851B2819}
		{2E5CE138-56A2-4ABD-8611-CCBF4C647D5D} = {93BA51AC-2B14-42DD-B8A4-4007851B2819}
	EndGlobalSection
	GlobalSection(ExtensibilityGlobals) = postSolution
		SolutionGuid = {E045DB47-8E85-422E-AD5A-44B8C0636049}
	EndGlobalSection
EndGlobal
